
Microsoft Visual Studio Solution File, Format Version 12.00
# Visual Studio Version 17
VisualStudioVersion = 17.9.34728.123
MinimumVisualStudioVersion = 10.0.40219.1
Project("{FAE04EC0-301F-11D3-BF4B-00C04F79EFBC}") = "HttpResilience", "HttpResilience\HttpResilience.csproj", "{B2A59F5C-AF95-4BDD-A86D-6E388C31962C}"
EndProject
Global
	GlobalSection(SolutionConfigurationPlatforms) = preSolution
		Debug|Any CPU = Debug|Any CPU
		Release|Any CPU = Release|Any CPU
	EndGlobalSection
	GlobalSection(ProjectConfigurationPlatforms) = postSolution
		{B2A59F5C-AF95-4BDD-A86D-6E388C31962C}.Debug|Any CPU.ActiveCfg = Debug|Any CPU
		{B2A59F5C-AF95-4BDD-A86D-6E388C31962C}.Debug|Any CPU.Build.0 = Debug|Any CPU
		{B2A59F5C-AF95-4BDD-A86D-6E388C31962C}.Release|Any CPU.ActiveCfg = Release|Any CPU
		{B2A59F5C-AF95-4BDD-A86D-6E388C31962C}.Release|Any CPU.Build.0 = Release|Any CPU
	EndGlobalSection
	GlobalSection(SolutionProperties) = preSolution
		HideSolutionNode = FALSE
	EndGlobalSection
	GlobalSection(ExtensibilityGlobals) = postSolution
		SolutionGuid = {28AC0227-E365-432C-8C8C-650E8E185716}
	EndGlobalSection
EndGlobal
